// !$*UTF8*$!
{
	archiveVersion = 1;
	classes = {
	};
	objectVersion = 56;
	objects = {

/* Begin PBXBuildFile section */
		5243AEF529F0BD36000E2AED /* Assets.xcassets in Resources */ = {isa = PBXBuildFile; fileRef = 5243AEF429F0BD36000E2AED /* Assets.xcassets */; };
		5243AEF829F0BE1D000E2AED /* LightsOutStyleGame.swift in Sources */ = {isa = PBXBuildFile; fileRef = 5243AEF729F0BE1D000E2AED /* LightsOutStyleGame.swift */; };
		5243AEFB29F0BFC4000E2AED /* GraphTests.swift in Sources */ = {isa = PBXBuildFile; fileRef = 5243AEFA29F0BFC4000E2AED /* GraphTests.swift */; };
		5243AEFD29F0C18C000E2AED /* ShortestReach2.swift in Sources */ = {isa = PBXBuildFile; fileRef = 5243AEFC29F0C18C000E2AED /* ShortestReach2.swift */; };
		5243AEFF29F0C496000E2AED /* KruskalsMST.swift in Sources */ = {isa = PBXBuildFile; fileRef = 5243AEFE29F0C496000E2AED /* KruskalsMST.swift */; };
		5263C4AD29F0BA0A007A94EE /* AlgorithmsApp.swift in Sources */ = {isa = PBXBuildFile; fileRef = 5263C4AC29F0BA0A007A94EE /* AlgorithmsApp.swift */; };
		5263C4AF29F0BA0A007A94EE /* ContentView.swift in Sources */ = {isa = PBXBuildFile; fileRef = 5263C4AE29F0BA0A007A94EE /* ContentView.swift */; };
		5263C4C129F0BA5F007A94EE /* AlgorithmsTests.swift in Sources */ = {isa = PBXBuildFile; fileRef = 5263C4C029F0BA5F007A94EE /* AlgorithmsTests.swift */; };
/* End PBXBuildFile section */

/* Begin PBXContainerItemProxy section */
		5263C4C229F0BA5F007A94EE /* PBXContainerItemProxy */ = {
			isa = PBXContainerItemProxy;
			containerPortal = 5263C4A129F0BA09007A94EE /* Project object */;
			proxyType = 1;
			remoteGlobalIDString = 5263C4A829F0BA0A007A94EE;
			remoteInfo = Algorithms;
		};
/* End PBXContainerItemProxy section */

/* Begin PBXFileReference section */
		5243AEF429F0BD36000E2AED /* Assets.xcassets */ = {isa = PBXFileReference; lastKnownFileType = folder.assetcatalog; path = Assets.xcassets; sourceTree = "<group>"; };
		5243AEF729F0BE1D000E2AED /* LightsOutStyleGame.swift */ = {isa = PBXFileReference; lastKnownFileType = sourcecode.swift; path = LightsOutStyleGame.swift; sourceTree = "<group>"; };
		5243AEFA29F0BFC4000E2AED /* GraphTests.swift */ = {isa = PBXFileReference; lastKnownFileType = sourcecode.swift; path = GraphTests.swift; sourceTree = "<group>"; };
		5243AEFC29F0C18C000E2AED /* ShortestReach2.swift */ = {isa = PBXFileReference; lastKnownFileType = sourcecode.swift; path = ShortestReach2.swift; sourceTree = "<group>"; };
		5243AEFE29F0C496000E2AED /* KruskalsMST.swift */ = {isa = PBXFileReference; lastKnownFileType = sourcecode.swift; path = KruskalsMST.swift; sourceTree = "<group>"; };
		5263C4A929F0BA0A007A94EE /* Algorithms.app */ = {isa = PBXFileReference; explicitFileType = wrapper.application; includeInIndex = 0; path = Algorithms.app; sourceTree = BUILT_PRODUCTS_DIR; };
		5263C4AC29F0BA0A007A94EE /* AlgorithmsApp.swift */ = {isa = PBXFileReference; lastKnownFileType = sourcecode.swift; path = AlgorithmsApp.swift; sourceTree = "<group>"; };
		5263C4AE29F0BA0A007A94EE /* ContentView.swift */ = {isa = PBXFileReference; lastKnownFileType = sourcecode.swift; path = ContentView.swift; sourceTree = "<group>"; };
		5263C4BE29F0BA5F007A94EE /* AlgorithmsTests.xctest */ = {isa = PBXFileReference; explicitFileType = wrapper.cfbundle; includeInIndex = 0; path = AlgorithmsTests.xctest; sourceTree = BUILT_PRODUCTS_DIR; };
		5263C4C029F0BA5F007A94EE /* AlgorithmsTests.swift */ = {isa = PBXFileReference; lastKnownFileType = sourcecode.swift; path = AlgorithmsTests.swift; sourceTree = "<group>"; };
/* End PBXFileReference section */

/* Begin PBXFrameworksBuildPhase section */
		5263C4A629F0BA0A007A94EE /* Frameworks */ = {
			isa = PBXFrameworksBuildPhase;
			buildActionMask = 2147483647;
			files = (
			);
			runOnlyForDeploymentPostprocessing = 0;
		};
		5263C4BB29F0BA5F007A94EE /* Frameworks */ = {
			isa = PBXFrameworksBuildPhase;
			buildActionMask = 2147483647;
			files = (
			);
			runOnlyForDeploymentPostprocessing = 0;
		};
/* End PBXFrameworksBuildPhase section */

/* Begin PBXGroup section */
		5243AEF029F0BB0E000E2AED /* Application */ = {
			isa = PBXGroup;
			children = (
				5263C4AE29F0BA0A007A94EE /* ContentView.swift */,
				5263C4AC29F0BA0A007A94EE /* AlgorithmsApp.swift */,
			);
			path = Application;
			sourceTree = "<group>";
		};
		5243AEF329F0BD36000E2AED /* Assets */ = {
			isa = PBXGroup;
			children = (
				5243AEF429F0BD36000E2AED /* Assets.xcassets */,
			);
			path = Assets;
			sourceTree = "<group>";
		};
		5243AEF629F0BD64000E2AED /* Graphs */ = {
			isa = PBXGroup;
			children = (
				5243AEF729F0BE1D000E2AED /* LightsOutStyleGame.swift */,
				5243AEFC29F0C18C000E2AED /* ShortestReach2.swift */,
				5243AEFE29F0C496000E2AED /* KruskalsMST.swift */,
			);
			path = Graphs;
			sourceTree = "<group>";
		};
		5243AEF929F0BF7C000E2AED /* Graphs */ = {
			isa = PBXGroup;
			children = (
				5243AEFA29F0BFC4000E2AED /* GraphTests.swift */,
			);
			path = Graphs;
			sourceTree = "<group>";
		};
		5263C4A029F0BA09007A94EE = {
			isa = PBXGroup;
			children = (
				5263C4AB29F0BA0A007A94EE /* Algorithms */,
				5263C4BF29F0BA5F007A94EE /* AlgorithmsTests */,
				5263C4AA29F0BA0A007A94EE /* Products */,
			);
			sourceTree = "<group>";
		};
		5263C4AA29F0BA0A007A94EE /* Products */ = {
			isa = PBXGroup;
			children = (
				5263C4A929F0BA0A007A94EE /* Algorithms.app */,
				5263C4BE29F0BA5F007A94EE /* AlgorithmsTests.xctest */,
			);
			name = Products;
			sourceTree = "<group>";
		};
		5263C4AB29F0BA0A007A94EE /* Algorithms */ = {
			isa = PBXGroup;
			children = (
				5263C4C829F0BA93007A94EE /* Resources */,
				5263C4C729F0BA70007A94EE /* Sources */,
			);
			path = Algorithms;
			sourceTree = "<group>";
		};
		5263C4BF29F0BA5F007A94EE /* AlgorithmsTests */ = {
			isa = PBXGroup;
			children = (
				5243AEF929F0BF7C000E2AED /* Graphs */,
				5263C4C029F0BA5F007A94EE /* AlgorithmsTests.swift */,
			);
			path = AlgorithmsTests;
			sourceTree = "<group>";
		};
		5263C4C729F0BA70007A94EE /* Sources */ = {
			isa = PBXGroup;
			children = (
				5243AEF629F0BD64000E2AED /* Graphs */,
			);
			path = Sources;
			sourceTree = "<group>";
		};
		5263C4C829F0BA93007A94EE /* Resources */ = {
			isa = PBXGroup;
			children = (
				5243AEF329F0BD36000E2AED /* Assets */,
				5243AEF029F0BB0E000E2AED /* Application */,
			);
			path = Resources;
			sourceTree = "<group>";
		};
/* End PBXGroup section */

/* Begin PBXNativeTarget section */
		5263C4A829F0BA0A007A94EE /* Algorithms */ = {
			isa = PBXNativeTarget;
			buildConfigurationList = 5263C4B729F0BA0D007A94EE /* Build configuration list for PBXNativeTarget "Algorithms" */;
			buildPhases = (
				5263C4A529F0BA0A007A94EE /* Sources */,
				5263C4A629F0BA0A007A94EE /* Frameworks */,
				5263C4A729F0BA0A007A94EE /* Resources */,
			);
			buildRules = (
			);
			dependencies = (
			);
			name = Algorithms;
			productName = Algorithms;
			productReference = 5263C4A929F0BA0A007A94EE /* Algorithms.app */;
			productType = "com.apple.product-type.application";
		};
		5263C4BD29F0BA5F007A94EE /* AlgorithmsTests */ = {
			isa = PBXNativeTarget;
			buildConfigurationList = 5263C4C429F0BA5F007A94EE /* Build configuration list for PBXNativeTarget "AlgorithmsTests" */;
			buildPhases = (
				5263C4BA29F0BA5F007A94EE /* Sources */,
				5263C4BB29F0BA5F007A94EE /* Frameworks */,
				5263C4BC29F0BA5F007A94EE /* Resources */,
			);
			buildRules = (
			);
			dependencies = (
				5263C4C329F0BA5F007A94EE /* PBXTargetDependency */,
			);
			name = AlgorithmsTests;
			productName = AlgorithmsTests;
			productReference = 5263C4BE29F0BA5F007A94EE /* AlgorithmsTests.xctest */;
			productType = "com.apple.product-type.bundle.unit-test";
		};
/* End PBXNativeTarget section */

/* Begin PBXProject section */
		5263C4A129F0BA09007A94EE /* Project object */ = {
			isa = PBXProject;
			attributes = {
				BuildIndependentTargetsInParallel = 1;
				LastSwiftUpdateCheck = 1410;
				LastUpgradeCheck = 1410;
				TargetAttributes = {
					5263C4A829F0BA0A007A94EE = {
						CreatedOnToolsVersion = 14.1;
					};
					5263C4BD29F0BA5F007A94EE = {
						CreatedOnToolsVersion = 14.1;
						TestTargetID = 5263C4A829F0BA0A007A94EE;
					};
				};
			};
			buildConfigurationList = 5263C4A429F0BA09007A94EE /* Build configuration list for PBXProject "Algorithms" */;
			compatibilityVersion = "Xcode 14.0";
			developmentRegion = en;
			hasScannedForEncodings = 0;
			knownRegions = (
				en,
				Base,
			);
			mainGroup = 5263C4A029F0BA09007A94EE;
			productRefGroup = 5263C4AA29F0BA0A007A94EE /* Products */;
			projectDirPath = "";
			projectRoot = "";
			targets = (
				5263C4A829F0BA0A007A94EE /* Algorithms */,
				5263C4BD29F0BA5F007A94EE /* AlgorithmsTests */,
			);
		};
/* End PBXProject section */

/* Begin PBXResourcesBuildPhase section */
		5263C4A729F0BA0A007A94EE /* Resources */ = {
			isa = PBXResourcesBuildPhase;
			buildActionMask = 2147483647;
			files = (
				5243AEF529F0BD36000E2AED /* Assets.xcassets in Resources */,
			);
			runOnlyForDeploymentPostprocessing = 0;
		};
		5263C4BC29F0BA5F007A94EE /* Resources */ = {
			isa = PBXResourcesBuildPhase;
			buildActionMask = 2147483647;
			files = (
			);
			runOnlyForDeploymentPostprocessing = 0;
		};
/* End PBXResourcesBuildPhase section */

/* Begin PBXSourcesBuildPhase section */
		5263C4A529F0BA0A007A94EE /* Sources */ = {
			isa = PBXSourcesBuildPhase;
			buildActionMask = 2147483647;
			files = (
				5243AEF829F0BE1D000E2AED /* LightsOutStyleGame.swift in Sources */,
				5243AEFD29F0C18C000E2AED /* ShortestReach2.swift in Sources */,
				5263C4AF29F0BA0A007A94EE /* ContentView.swift in Sources */,
				5263C4AD29F0BA0A007A94EE /* AlgorithmsApp.swift in Sources */,
				5243AEFF29F0C496000E2AED /* KruskalsMST.swift in Sources */,
			);
			runOnlyForDeploymentPostprocessing = 0;
		};
		5263C4BA29F0BA5F007A94EE /* Sources */ = {
			isa = PBXSourcesBuildPhase;
			buildActionMask = 2147483647;
			files = (
				5243AEFB29F0BFC4000E2AED /* GraphTests.swift in Sources */,
				5263C4C129F0BA5F007A94EE /* AlgorithmsTests.swift in Sources */,
			);
			runOnlyForDeploymentPostprocessing = 0;
		};
/* End PBXSourcesBuildPhase section */

/* Begin PBXTargetDependency section */
		5263C4C329F0BA5F007A94EE /* PBXTargetDependency */ = {
			isa = PBXTargetDependency;
			target = 5263C4A829F0BA0A007A94EE /* Algorithms */;
			targetProxy = 5263C4C229F0BA5F007A94EE /* PBXContainerItemProxy */;
		};
/* End PBXTargetDependency section */

/* Begin XCBuildConfiguration section */
		5263C4B529F0BA0D007A94EE /* Debug */ = {
			isa = XCBuildConfiguration;
			buildSettings = {
				ALWAYS_SEARCH_USER_PATHS = NO;
				CLANG_ANALYZER_NONNULL = YES;
				CLANG_ANALYZER_NUMBER_OBJECT_CONVERSION = YES_AGGRESSIVE;
				CLANG_CXX_LANGUAGE_STANDARD = "gnu++20";
				CLANG_ENABLE_MODULES = YES;
				CLANG_ENABLE_OBJC_ARC = YES;
				CLANG_ENABLE_OBJC_WEAK = YES;
				CLANG_WARN_BLOCK_CAPTURE_AUTORELEASING = YES;
				CLANG_WARN_BOOL_CONVERSION = YES;
				CLANG_WARN_COMMA = YES;
				CLANG_WARN_CONSTANT_CONVERSION = YES;
				CLANG_WARN_DEPRECATED_OBJC_IMPLEMENTATIONS = YES;
				CLANG_WARN_DIRECT_OBJC_ISA_USAGE = YES_ERROR;
				CLANG_WARN_DOCUMENTATION_COMMENTS = YES;
				CLANG_WARN_EMPTY_BODY = YES;
				CLANG_WARN_ENUM_CONVERSION = YES;
				CLANG_WARN_INFINITE_RECURSION = YES;
				CLANG_WARN_INT_CONVERSION = YES;
				CLANG_WARN_NON_LITERAL_NULL_CONVERSION = YES;
				CLANG_WARN_OBJC_IMPLICIT_RETAIN_SELF = YES;
				CLANG_WARN_OBJC_LITERAL_CONVERSION = YES;
				CLANG_WARN_OBJC_ROOT_CLASS = YES_ERROR;
				CLANG_WARN_QUOTED_INCLUDE_IN_FRAMEWORK_HEADER = YES;
				CLANG_WARN_RANGE_LOOP_ANALYSIS = YES;
				CLANG_WARN_STRICT_PROTOTYPES = YES;
				CLANG_WARN_SUSPICIOUS_MOVE = YES;
				CLANG_WARN_UNGUARDED_AVAILABILITY = YES_AGGRESSIVE;
				CLANG_WARN_UNREACHABLE_CODE = YES;
				CLANG_WARN__DUPLICATE_METHOD_MATCH = YES;
				COPY_PHASE_STRIP = NO;
				DEBUG_INFORMATION_FORMAT = dwarf;
				ENABLE_STRICT_OBJC_MSGSEND = YES;
				ENABLE_TESTABILITY = YES;
				GCC_C_LANGUAGE_STANDARD = gnu11;
				GCC_DYNAMIC_NO_PIC = NO;
				GCC_NO_COMMON_BLOCKS = YES;
				GCC_OPTIMIZATION_LEVEL = 0;
				GCC_PREPROCESSOR_DEFINITIONS = (
					"DEBUG=1",
					"$(inherited)",
				);
				GCC_WARN_64_TO_32_BIT_CONVERSION = YES;
				GCC_WARN_ABOUT_RETURN_TYPE = YES_ERROR;
				GCC_WARN_UNDECLARED_SELECTOR = YES;
				GCC_WARN_UNINITIALIZED_AUTOS = YES_AGGRESSIVE;
				GCC_WARN_UNUSED_FUNCTION = YES;
				GCC_WARN_UNUSED_VARIABLE = YES;
				IPHONEOS_DEPLOYMENT_TARGET = 16.1;
				MTL_ENABLE_DEBUG_INFO = INCLUDE_SOURCE;
				MTL_FAST_MATH = YES;
				ONLY_ACTIVE_ARCH = YES;
				SDKROOT = iphoneos;
				SWIFT_ACTIVE_COMPILATION_CONDITIONS = DEBUG;
				SWIFT_OPTIMIZATION_LEVEL = "-Onone";
			};
			name = Debug;
		};
		5263C4B629F0BA0D007A94EE /* Release */ = {
			isa = XCBuildConfiguration;
			buildSettings = {
				ALWAYS_SEARCH_USER_PATHS = NO;
				CLANG_ANALYZER_NONNULL = YES;
				CLANG_ANALYZER_NUMBER_OBJECT_CONVERSION = YES_AGGRESSIVE;
				CLANG_CXX_LANGUAGE_STANDARD = "gnu++20";
				CLANG_ENABLE_MODULES = YES;
				CLANG_ENABLE_OBJC_ARC = YES;
				CLANG_ENABLE_OBJC_WEAK = YES;
				CLANG_WARN_BLOCK_CAPTURE_AUTORELEASING = YES;
				CLANG_WARN_BOOL_CONVERSION = YES;
				CLANG_WARN_COMMA = YES;
				CLANG_WARN_CONSTANT_CONVERSION = YES;
				CLANG_WARN_DEPRECATED_OBJC_IMPLEMENTATIONS = YES;
				CLANG_WARN_DIRECT_OBJC_ISA_USAGE = YES_ERROR;
				CLANG_WARN_DOCUMENTATION_COMMENTS = YES;
				CLANG_WARN_EMPTY_BODY = YES;
				CLANG_WARN_ENUM_CONVERSION = YES;
				CLANG_WARN_INFINITE_RECURSION = YES;
				CLANG_WARN_INT_CONVERSION = YES;
				CLANG_WARN_NON_LITERAL_NULL_CONVERSION = YES;
				CLANG_WARN_OBJC_IMPLICIT_RETAIN_SELF = YES;
				CLANG_WARN_OBJC_LITERAL_CONVERSION = YES;
				CLANG_WARN_OBJC_ROOT_CLASS = YES_ERROR;
				CLANG_WARN_QUOTED_INCLUDE_IN_FRAMEWORK_HEADER = YES;
				CLANG_WARN_RANGE_LOOP_ANALYSIS = YES;
				CLANG_WARN_STRICT_PROTOTYPES = YES;
				CLANG_WARN_SUSPICIOUS_MOVE = YES;
				CLANG_WARN_UNGUARDED_AVAILABILITY = YES_AGGRESSIVE;
				CLANG_WARN_UNREACHABLE_CODE = YES;
				CLANG_WARN__DUPLICATE_METHOD_MATCH = YES;
				COPY_PHASE_STRIP = NO;
				DEBUG_INFORMATION_FORMAT = "dwarf-with-dsym";
				ENABLE_NS_ASSERTIONS = NO;
				ENABLE_STRICT_OBJC_MSGSEND = YES;
				GCC_C_LANGUAGE_STANDARD = gnu11;
				GCC_NO_COMMON_BLOCKS = YES;
				GCC_WARN_64_TO_32_BIT_CONVERSION = YES;
				GCC_WARN_ABOUT_RETURN_TYPE = YES_ERROR;
				GCC_WARN_UNDECLARED_SELECTOR = YES;
				GCC_WARN_UNINITIALIZED_AUTOS = YES_AGGRESSIVE;
				GCC_WARN_UNUSED_FUNCTION = YES;
				GCC_WARN_UNUSED_VARIABLE = YES;
				IPHONEOS_DEPLOYMENT_TARGET = 16.1;
				MTL_ENABLE_DEBUG_INFO = NO;
				MTL_FAST_MATH = YES;
				SDKROOT = iphoneos;
				SWIFT_COMPILATION_MODE = wholemodule;
				SWIFT_OPTIMIZATION_LEVEL = "-O";
				VALIDATE_PRODUCT = YES;
			};
			name = Release;
		};
		5263C4B829F0BA0D007A94EE /* Debug */ = {
			isa = XCBuildConfiguration;
			buildSettings = {
				ASSETCATALOG_COMPILER_APPICON_NAME = AppIcon;
				ASSETCATALOG_COMPILER_GLOBAL_ACCENT_COLOR_NAME = AccentColor;
				CODE_SIGN_STYLE = Automatic;
				CURRENT_PROJECT_VERSION = 1;
				DEVELOPMENT_ASSET_PATHS = "\"Algorithms/Resources/Assets\"";
				DEVELOPMENT_TEAM = XWYBXAANR7;
				ENABLE_PREVIEWS = YES;
				GENERATE_INFOPLIST_FILE = YES;
				INFOPLIST_KEY_UIApplicationSceneManifest_Generation = YES;
				INFOPLIST_KEY_UIApplicationSupportsIndirectInputEvents = YES;
				INFOPLIST_KEY_UILaunchScreen_Generation = YES;
				INFOPLIST_KEY_UISupportedInterfaceOrientations_iPad = "UIInterfaceOrientationPortrait UIInterfaceOrientationPortraitUpsideDown UIInterfaceOrientationLandscapeLeft UIInterfaceOrientationLandscapeRight";
				INFOPLIST_KEY_UISupportedInterfaceOrientations_iPhone = "UIInterfaceOrientationPortrait UIInterfaceOrientationLandscapeLeft UIInterfaceOrientationLandscapeRight";
				LD_RUNPATH_SEARCH_PATHS = (
					"$(inherited)",
					"@executable_path/Frameworks",
				);
				MARKETING_VERSION = 1.0;
				PRODUCT_BUNDLE_IDENTIFIER = com.palaguachi.Algorithms;
				PRODUCT_NAME = "$(TARGET_NAME)";
				SWIFT_EMIT_LOC_STRINGS = YES;
				SWIFT_VERSION = 5.0;
				TARGETED_DEVICE_FAMILY = "1,2";
			};
			name = Debug;
		};
		5263C4B929F0BA0D007A94EE /* Release */ = {
			isa = XCBuildConfiguration;
			buildSettings = {
				ASSETCATALOG_COMPILER_APPICON_NAME = AppIcon;
				ASSETCATALOG_COMPILER_GLOBAL_ACCENT_COLOR_NAME = AccentColor;
				CODE_SIGN_STYLE = Automatic;
				CURRENT_PROJECT_VERSION = 1;
				DEVELOPMENT_ASSET_PATHS = "\"Algorithms/Resources/Assets\"";
				DEVELOPMENT_TEAM = XWYBXAANR7;
				ENABLE_PREVIEWS = YES;
				GENERATE_INFOPLIST_FILE = YES;
				INFOPLIST_KEY_UIApplicationSceneManifest_Generation = YES;
				INFOPLIST_KEY_UIApplicationSupportsIndirectInputEvents = YES;
				INFOPLIST_KEY_UILaunchScreen_Generation = YES;
				INFOPLIST_KEY_UISupportedInterfaceOrientations_iPad = "UIInterfaceOrientationPortrait UIInterfaceOrientationPortraitUpsideDown UIInterfaceOrientationLandscapeLeft UIInterfaceOrientationLandscapeRight";
				INFOPLIST_KEY_UISupportedInterfaceOrientations_iPhone = "UIInterfaceOrientationPortrait UIInterfaceOrientationLandscapeLeft UIInterfaceOrientationLandscapeRight";
				LD_RUNPATH_SEARCH_PATHS = (
					"$(inherited)",
					"@executable_path/Frameworks",
				);
				MARKETING_VERSION = 1.0;
				PRODUCT_BUNDLE_IDENTIFIER = com.palaguachi.Algorithms;
				PRODUCT_NAME = "$(TARGET_NAME)";
				SWIFT_EMIT_LOC_STRINGS = YES;
				SWIFT_VERSION = 5.0;
				TARGETED_DEVICE_FAMILY = "1,2";
			};
			name = Release;
		};
		5263C4C529F0BA5F007A94EE /* Debug */ = {
			isa = XCBuildConfiguration;
			buildSettings = {
				BUNDLE_LOADER = "$(TEST_HOST)";
				CODE_SIGN_STYLE = Automatic;
				CURRENT_PROJECT_VERSION = 1;
				DEVELOPMENT_TEAM = XWYBXAANR7;
				GENERATE_INFOPLIST_FILE = YES;
				MARKETING_VERSION = 1.0;
				PRODUCT_BUNDLE_IDENTIFIER = com.palaguachi.AlgorithmsTests;
				PRODUCT_NAME = "$(TARGET_NAME)";
				SWIFT_EMIT_LOC_STRINGS = NO;
				SWIFT_VERSION = 5.0;
				TARGETED_DEVICE_FAMILY = "1,2";
				TEST_HOST = "$(BUILT_PRODUCTS_DIR)/Algorithms.app/$(BUNDLE_EXECUTABLE_FOLDER_PATH)/Algorithms";
			};
			name = Debug;
		};
		5263C4C629F0BA5F007A94EE /* Release */ = {
			isa = XCBuildConfiguration;
			buildSettings = {
				BUNDLE_LOADER = "$(TEST_HOST)";
				CODE_SIGN_STYLE = Automatic;
				CURRENT_PROJECT_VERSION = 1;
				DEVELOPMENT_TEAM = XWYBXAANR7;
				GENERATE_INFOPLIST_FILE = YES;
				MARKETING_VERSION = 1.0;
				PRODUCT_BUNDLE_IDENTIFIER = com.palaguachi.AlgorithmsTests;
				PRODUCT_NAME = "$(TARGET_NAME)";
				SWIFT_EMIT_LOC_STRINGS = NO;
				SWIFT_VERSION = 5.0;
				TARGETED_DEVICE_FAMILY = "1,2";
				TEST_HOST = "$(BUILT_PRODUCTS_DIR)/Algorithms.app/$(BUNDLE_EXECUTABLE_FOLDER_PATH)/Algorithms";
			};
			name = Release;
		};
/* End XCBuildConfiguration section */

/* Begin XCConfigurationList section */
		5263C4A429F0BA09007A94EE /* Build configuration list for PBXProject "Algorithms" */ = {
			isa = XCConfigurationList;
			buildConfigurations = (
				5263C4B529F0BA0D007A94EE /* Debug */,
				5263C4B629F0BA0D007A94EE /* Release */,
			);
			defaultConfigurationIsVisible = 0;
			defaultConfigurationName = Release;
		};
		5263C4B729F0BA0D007A94EE /* Build configuration list for PBXNativeTarget "Algorithms" */ = {
			isa = XCConfigurationList;
			buildConfigurations = (
				5263C4B829F0BA0D007A94EE /* Debug */,
				5263C4B929F0BA0D007A94EE /* Release */,
			);
			defaultConfigurationIsVisible = 0;
			defaultConfigurationName = Release;
		};
		5263C4C429F0BA5F007A94EE /* Build configuration list for PBXNativeTarget "AlgorithmsTests" */ = {
			isa = XCConfigurationList;
			buildConfigurations = (
				5263C4C529F0BA5F007A94EE /* Debug */,
				5263C4C629F0BA5F007A94EE /* Release */,
			);
			defaultConfigurationIsVisible = 0;
			defaultConfigurationName = Release;
		};
/* End XCConfigurationList section */
	};
	rootObject = 5263C4A129F0BA09007A94EE /* Project object */;
}
